
Microsoft Visual Studio Solution File, Format Version 12.00
# Visual Studio Version 17
VisualStudioVersion = 17.5.002.0
MinimumVisualStudioVersion = 10.0.40219.1
Project("{9A19103F-16F7-4668-BE54-9A1E7A4F7556}") = "BankApplication", "BankApplication.csproj", "{D25A0FA2-2BF7-473E-BDEC-620666D0BF4A}"
EndProject
Global
	GlobalSection(SolutionConfigurationPlatforms) = preSolution
		Debug|Any CPU = Debug|Any CPU
		Release|Any CPU = Release|Any CPU
	EndGlobalSection
	GlobalSection(ProjectConfigurationPlatforms) = postSolution
		{D25A0FA2-2BF7-473E-BDEC-620666D0BF4A}.Debug|Any CPU.ActiveCfg = Debug|Any CPU
		{D25A0FA2-2BF7-473E-BDEC-620666D0BF4A}.Debug|Any CPU.Build.0 = Debug|Any CPU
		{D25A0FA2-2BF7-473E-BDEC-620666D0BF4A}.Release|Any CPU.ActiveCfg = Release|Any CPU
		{D25A0FA2-2BF7-473E-BDEC-620666D0BF4A}.Release|Any CPU.Build.0 = Release|Any CPU
	EndGlobalSection
	GlobalSection(SolutionProperties) = preSolution
		HideSolutionNode = FALSE
	EndGlobalSection
	GlobalSection(ExtensibilityGlobals) = postSolution
		SolutionGuid = {EFA6BBD2-1545-4FB2-A40C-CE2A57A35CA3}
	EndGlobalSection
EndGlobal
